
Microsoft Visual Studio Solution File, Format Version 12.00
# Visual Studio Version 16
VisualStudioVersion = 16.0.31229.75
MinimumVisualStudioVersion = 10.0.40219.1
Project("{FAE04EC0-301F-11D3-BF4B-00C04F79EFBC}") = "Comentarios", "Comentarios.csproj", "{A4264B33-FB7A-4BAB-9520-727CCA965638}"
EndProject
Global
	GlobalSection(SolutionConfigurationPlatforms) = preSolution
		Debug|Any CPU = Debug|Any CPU
		Release|Any CPU = Release|Any CPU
	EndGlobalSection
	GlobalSection(ProjectConfigurationPlatforms) = postSolution
		{A4264B33-FB7A-4BAB-9520-727CCA965638}.Debug|Any CPU.ActiveCfg = Debug|Any CPU
		{A4264B33-FB7A-4BAB-9520-727CCA965638}.Debug|Any CPU.Build.0 = Debug|Any CPU
		{A4264B33-FB7A-4BAB-9520-727CCA965638}.Release|Any CPU.ActiveCfg = Release|Any CPU
		{A4264B33-FB7A-4BAB-9520-727CCA965638}.Release|Any CPU.Build.0 = Release|Any CPU
	EndGlobalSection
	GlobalSection(SolutionProperties) = preSolution
		HideSolutionNode = FALSE
	EndGlobalSection
	GlobalSection(ExtensibilityGlobals) = postSolution
		SolutionGuid = {0D81C47B-216A-40F9-B899-F4062B98614E}
	EndGlobalSection
EndGlobal
